
Microsoft Visual Studio Solution File, Format Version 12.00
# Visual Studio Version 17
VisualStudioVersion = 17.8.34408.163
MinimumVisualStudioVersion = 10.0.40219.1
Project("{FAE04EC0-301F-11D3-BF4B-00C04F79EFBC}") = "Seguimiento peliculas", "Seguimiento peliculas\Seguimiento peliculas.csproj", "{90459E36-0F63-491C-B6C6-0AEA1A320EDA}"
EndProject
Global
	GlobalSection(SolutionConfigurationPlatforms) = preSolution
		Debug|Any CPU = Debug|Any CPU
		Release|Any CPU = Release|Any CPU
	EndGlobalSection
	GlobalSection(ProjectConfigurationPlatforms) = postSolution
		{90459E36-0F63-491C-B6C6-0AEA1A320EDA}.Debug|Any CPU.ActiveCfg = Debug|Any CPU
		{90459E36-0F63-491C-B6C6-0AEA1A320EDA}.Debug|Any CPU.Build.0 = Debug|Any CPU
		{90459E36-0F63-491C-B6C6-0AEA1A320EDA}.Release|Any CPU.ActiveCfg = Release|Any CPU
		{90459E36-0F63-491C-B6C6-0AEA1A320EDA}.Release|Any CPU.Build.0 = Release|Any CPU
	EndGlobalSection
	GlobalSection(SolutionProperties) = preSolution
		HideSolutionNode = FALSE
	EndGlobalSection
	GlobalSection(ExtensibilityGlobals) = postSolution
		SolutionGuid = {17A87F95-CF5C-4A1F-898A-DA405C9D4987}
	EndGlobalSection
EndGlobal
